<?xml version="1.0" encoding="utf-8"?>
<Project ToolsVersion="4.0" xmlns="http://schemas.microsoft.com/developer/msbuild/2003">
  <ItemGroup>
    <Filter Include="Forms">
      <UniqueIdentifier>{04e734bc-a082-4709-b0a6-260bf0357b17}</UniqueIdentifier>
    </Filter>
    <Filter Include="Headers">
      <UniqueIdentifier>{3659973c-b4e6-4e8d-be11-42da410dc76b}</UniqueIdentifier>
    </Filter>
    <Filter Include="Sources">
      <UniqueIdentifier>{053e024d-4059-44e6-802d-752655f97a04}</UniqueIdentifier>
    </Filter>
    <Filter Include="Generated">
      <UniqueIdentifier>{a7c1b47f-bb87-41ad-8714-28323c39f35f}</UniqueIdentifier>
    </Filter>
  </ItemGroup>
  <ItemGroup>
    <ClCompile Include="..\..\src\bisqueAccess.cpp">
      <Filter>Sources</Filter>
    </ClCompile>
    <ClCompile Include="..\..\src\bisqueWebAccess.cpp">
      <Filter>Sources</Filter>
    </ClCompile>
    <ClCompile Include="..\..\.generated\moc_bisqueAccess.cpp">
      <Filter>Generated</Filter>
    </ClCompile>
    <ClCompile Include="..\..\.generated\moc_bisqueWebAccess.cpp">
      <Filter>Generated</Filter>
    </ClCompile>
    <ClCompile Include="..\..\src\bisque_api.cpp">
      <Filter>Sources</Filter>
    </ClCompile>
  </ItemGroup>
  <ItemGroup>
    <CustomBuild Include="..\..\src\bisqueAccess.ui">
      <Filter>Forms</Filter>
    </CustomBuild>
    <CustomBuild Include="..\..\src\bisqueWebAccess.ui">
      <Filter>Forms</Filter>
    </CustomBuild>
    <CustomBuild Include="..\..\src\bisqueAccess.h">
      <Filter>Headers</Filter>
    </CustomBuild>
    <CustomBuild Include="..\..\src\bisqueWebAccess.h">
      <Filter>Headers</Filter>
    </CustomBuild>
  </ItemGroup>
  <ItemGroup>
    <ClInclude Include="..\..\src\bisque_api.h">
      <Filter>Headers</Filter>
    </ClInclude>
  </ItemGroup>
</Project>